# THIS IS AN AUTOGENERATED FILE. DO NOT EDIT THIS FILE DIRECTLY.
# yarn lockfile v1


"@firebase/analytics-types@0.3.0":
  version "0.3.0"
  resolved "https://registry.yarnpkg.com/@firebase/analytics-types/-/analytics-types-0.3.0.tgz#33c3f695313b561d48d18d663a20f20362d3ee7c"
  integrity sha512-0AJ6xn53Qn0D/YOVHHvlWFfnzzRSdd98Lr8Oqe1PJ2HPIN+o7qf03YmOG7fLpR1uplcWd+7vGKmxUrN3jKUBwg==

"@firebase/analytics@0.3.3":
  version "0.3.3"
  resolved "https://registry.yarnpkg.com/@firebase/analytics/-/analytics-0.3.3.tgz#9f7d865a2c1d57fc4167a17a3122b5c46e35da12"
  integrity sha512-Mj4lufHCnDqI2e8jAFqWmo9r2ejBJiGbI0MUvoiKVMxQm0kddQxUwmxfE6ozOAZ2HjB6OZ0iiAO+XU+0w/BnlA==
  dependencies:
    "@firebase/analytics-types" "0.3.0"
    "@firebase/component" "0.1.10"
    "@firebase/installations" "0.4.8"
    "@firebase/logger" "0.2.2"
    "@firebase/util" "0.2.45"
    tslib "1.11.1"

"@firebase/app-types@0.6.0":
  version "0.6.0"
  resolved "https://registry.yarnpkg.com/@firebase/app-types/-/app-types-0.6.0.tgz#8dcc3e793c6983e9d54f7eb623a7618c05f2d94c"
  integrity sha512-ld6rzjXk/SUauHiQZJkeuSJpxIZ5wdnWuF5fWBFQNPaxsaJ9kyYg9GqEvwZ1z2e6JP5cU9gwRBlfW1WkGtGDYA==

"@firebase/app@0.6.2":
  version "0.6.2"
  resolved "https://registry.yarnpkg.com/@firebase/app/-/app-0.6.2.tgz#ecdd0ab743151bdbfedf2461b96e3a3b58e51a0a"
  integrity sha512-rAxc90+82GAPpUxS02EO0dys4+TeQ6XjFjCwQz/OVptGeLgxN9ZoXYAf/bxyeYOdLxJW0kbEKE/0xXaJDt5gsg==
  dependencies:
    "@firebase/app-types" "0.6.0"
    "@firebase/component" "0.1.10"
    "@firebase/logger" "0.2.2"
    "@firebase/util" "0.2.45"
    dom-storage "2.1.0"
    tslib "1.11.1"
    xmlhttprequest "1.8.0"

"@firebase/auth-interop-types@0.1.4":
  version "0.1.4"
  resolved "https://registry.yarnpkg.com/@firebase/auth-interop-types/-/auth-interop-types-0.1.4.tgz#e81589f58508630a5bffa604d7c949a0d01ea97b"
  integrity sha512-CLKNS84KGAv5lRnHTQZFWoR11Ti7gIPFirDDXWek/fSU+TdYdnxJFR5XSD4OuGyzUYQ3Dq7aVj5teiRdyBl9hA==

"@firebase/auth-types@0.10.0":
  version "0.10.0"
  resolved "https://registry.yarnpkg.com/@firebase/auth-types/-/auth-types-0.10.0.tgz#9403633e723336055fad4bbf5e4c9fe3c55f8d3f"
  integrity sha512-VuW7c+RAk3AYPU0Hxmun3RzXn7fbJDdjQbxvvpRMnQ9zrhk8mH42cY466M0n4e/UGQ+0smlx5BqZII8aYQ5XPg==

"@firebase/auth@0.14.4":
  version "0.14.4"
  resolved "https://registry.yarnpkg.com/@firebase/auth/-/auth-0.14.4.tgz#f7f411ba13961b1b84be8db73e32506d96a12693"
  integrity sha512-cjYdSZQZ73jiI8De8Vw4L4LooXanc7HaYu4pEbq81Aag8fNy3oitfi0qTcrGLB7a/VLEAt1RtWo+lWotwCU2Ow==
  dependencies:
    "@firebase/auth-types" "0.10.0"

"@firebase/component@0.1.10":
  version "0.1.10"
  resolved "https://registry.yarnpkg.com/@firebase/component/-/component-0.1.10.tgz#9df3a6555568602ca7b262a3bff2125024f61649"
  integrity sha512-Iy1+f8wp6mROz19oxWUd31NxMlGxtW1IInGHITnVa6eZtXOg0lxcbgYeLp9W3PKzvvNfshHU0obDkcMY97zRAw==
  dependencies:
    "@firebase/util" "0.2.45"
    tslib "1.11.1"

"@firebase/database-types@0.5.0":
  version "0.5.0"
  resolved "https://registry.yarnpkg.com/@firebase/database-types/-/database-types-0.5.0.tgz#603a0865c3180a9ffb6f5fa065d156387385a74d"
  integrity sha512-6/W3frFznYOALtw2nrWVPK2ytgdl89CzTqVBHCCGf22wT6uKU63iDBo+Nw+7olFGpD15O0zwYalFIcMZ27tkew==
  dependencies:
    "@firebase/app-types" "0.6.0"

"@firebase/database@0.6.1":
  version "0.6.1"
  resolved "https://registry.yarnpkg.com/@firebase/database/-/database-0.6.1.tgz#76ee8003aa1fff7ff5deb317959bbb0e35e56765"
  integrity sha512-7XqUbj3nK2vEdFjGOXBfKISmpLrM0caIwwfDPxhn6i7X/g6AIH+D1limH+Jit4QeKMh/IJZDNqO7P+Fz+e8q1Q==
  dependencies:
    "@firebase/auth-interop-types" "0.1.4"
    "@firebase/component" "0.1.10"
    "@firebase/database-types" "0.5.0"
    "@firebase/logger" "0.2.2"
    "@firebase/util" "0.2.45"
    faye-websocket "0.11.3"
    tslib "1.11.1"

"@firebase/firestore-types@1.10.1":
  version "1.10.1"
  resolved "https://registry.yarnpkg.com/@firebase/firestore-types/-/firestore-types-1.10.1.tgz#bf018f9c495f470592de745389474dc1c2960d3f"
  integrity sha512-vyKdm+AYUFT8XeUX62IOqaqPFCs/mAMoSEsqIz9HnSVsqCw/IocNjtjSa+3M80kRw4V8fI7JI+Xz6Wg5VJXLqA==

"@firebase/firestore@1.14.2":
  version "1.14.2"
  resolved "https://registry.yarnpkg.com/@firebase/firestore/-/firestore-1.14.2.tgz#c31123079cbc9a03228ea193081b2f1c217c2993"
  integrity sha512-gUTQHiR1LN/g+iHfPZS+GJgDHK866xtAXcodSAOU4dt7k4B0oXllwuQmhjwQP0Gh7Lc/m+cK7dw/bmoHI6oWqQ==
  dependencies:
    "@firebase/component" "0.1.10"
    "@firebase/firestore-types" "1.10.1"
    "@firebase/logger" "0.2.2"
    "@firebase/util" "0.2.45"
    "@firebase/webchannel-wrapper" "0.2.39"
    "@grpc/grpc-js" "0.8.1"
    "@grpc/proto-loader" "^0.5.0"
    tslib "1.11.1"

"@firebase/functions-types@0.3.16":
  version "0.3.16"
  resolved "https://registry.yarnpkg.com/@firebase/functions-types/-/functions-types-0.3.16.tgz#be0362d7f61648fdf36a7d95de239eddee88f931"
  integrity sha512-kHhBvSYiY2prY4vNQCALYs1+OruTdylvGemHG6G6Bs/rj3qw7ui3WysBsDU/rInJitHIcsZ35qrtanoJeQUIXQ==

"@firebase/functions@0.4.42":
  version "0.4.42"
  resolved "https://registry.yarnpkg.com/@firebase/functions/-/functions-0.4.42.tgz#a54622b757f98ea08c43880706cfcd4b1a527c84"
  integrity sha512-7L2l0NvWCL1z2vWqvxE7srQ64XCIzgMTIM2uANPT1yh+bMcZPxl3SuP4LoDhXbfmLtpzGKTygsxP4WKt5z7ctg==
  dependencies:
    "@firebase/component" "0.1.10"
    "@firebase/functions-types" "0.3.16"
    "@firebase/messaging-types" "0.4.4"
    isomorphic-fetch "2.2.1"
    tslib "1.11.1"

"@firebase/installations-types@0.3.3":
  version "0.3.3"
  resolved "https://registry.yarnpkg.com/@firebase/installations-types/-/installations-types-0.3.3.tgz#f2e49e73afaeb7b352250365d0d90dff0b792592"
  integrity sha512-XvWhPPAGeZlc+CfCA8jTt2pv19Jovi/nUV73u30QbjBbk5xci9bp5I29aBZukHsR6YNBjFCLSkLPbno4m/bLUg==

"@firebase/installations@0.4.8":
  version "0.4.8"
  resolved "https://registry.yarnpkg.com/@firebase/installations/-/installations-0.4.8.tgz#97220b1d88de8db504a728c97615797b54306f60"
  integrity sha512-J3tyKCdZ07LR0Bw3rs4CIsWia5exGt77fdbvqnhYa6K8YfIUPFLzsGRvlFJkoIhOMXfujfnC3O/DakROOgOltg==
  dependencies:
    "@firebase/component" "0.1.10"
    "@firebase/installations-types" "0.3.3"
    "@firebase/util" "0.2.45"
    idb "3.0.2"
    tslib "1.11.1"

"@firebase/logger@0.2.2":
  version "0.2.2"
  resolved "https://registry.yarnpkg.com/@firebase/logger/-/logger-0.2.2.tgz#aea3ef8cbb131c9d3daaf8022f120f194a40509f"
  integrity sha512-MbEy17Ha1w/DlLtvxG89ScQ+0+yoElGKJ1nUCQHHLjeMNsRwd2wnUPOVCsZvtBzQp8Z0GaFmD4a2iG2v91lEbA==

"@firebase/messaging-types@0.4.4":
  version "0.4.4"
  resolved "https://registry.yarnpkg.com/@firebase/messaging-types/-/messaging-types-0.4.4.tgz#bef66157bdd3ddaafd6d48f1c5ee973fdc385f84"
  integrity sha512-JGtkr+1A1Dw7+yCqQigqBfGKtq0gTCruFScBD4MVjqZHiqGIYpnQisWnpGbkzPR6aOt6iQxgwxUhHG1ulUQGeg==

"@firebase/messaging@0.6.14":
  version "0.6.14"
  resolved "https://registry.yarnpkg.com/@firebase/messaging/-/messaging-0.6.14.tgz#c0b57eaef8d114d40c43749023a5556b8d389d94"
  integrity sha512-OuXbSGrNxhWYuHTGAjM55uTUMwsxd+S+fxj6OOyY26ezBOGj0tdPAHnAq+9wFwaItgAx8RUMjJF98Cc08PQqPA==
  dependencies:
    "@firebase/component" "0.1.10"
    "@firebase/installations" "0.4.8"
    "@firebase/messaging-types" "0.4.4"
    "@firebase/util" "0.2.45"
    idb "3.0.2"
    tslib "1.11.1"

"@firebase/performance-types@0.0.12":
  version "0.0.12"
  resolved "https://registry.yarnpkg.com/@firebase/performance-types/-/performance-types-0.0.12.tgz#15fa79e296b502e21054a66c9e7ded59398fd8a7"
  integrity sha512-eIDF7CHetOE5sc+hCaUebEn/2Aiaju7UkgZDTl7lNQHz5fK9wJ/11HaE8WdnDr//ngS3lQAGC2RB4lAZeEWraA==

"@firebase/performance@0.3.2":
  version "0.3.2"
  resolved "https://registry.yarnpkg.com/@firebase/performance/-/performance-0.3.2.tgz#1366df21fefc246b0e8e1eaac35565c1951149e2"
  integrity sha512-awtqXas+Z0aud73pjvf1fAXMYe8Q+TSKNKnwyeMLqAWwHMwoywKGgksqGvOeg5hGQl5H7lzcnFHJ0HybMy1b9w==
  dependencies:
    "@firebase/component" "0.1.10"
    "@firebase/installations" "0.4.8"
    "@firebase/logger" "0.2.2"
    "@firebase/performance-types" "0.0.12"
    "@firebase/util" "0.2.45"
    tslib "1.11.1"

"@firebase/polyfill@0.3.34":
  version "0.3.34"
  resolved "https://registry.yarnpkg.com/@firebase/polyfill/-/polyfill-0.3.34.tgz#d28394b946da4b883e086fbf2bb065b47b7a86c5"
  integrity sha512-6EN02vwhX6cmyB4YswKhHkS3kMeNDxjCgf4vR3L9wYv+A5QVgAM85ifzf3mZT0tq3f2LfIsTsCIr/mlz2Swl1A==
  dependencies:
    core-js "3.6.5"
    promise-polyfill "8.1.3"
    whatwg-fetch "2.0.4"

"@firebase/remote-config-types@0.1.8":
  version "0.1.8"
  resolved "https://registry.yarnpkg.com/@firebase/remote-config-types/-/remote-config-types-0.1.8.tgz#0c8d8a839621230053ba55704b5d1145bfe54daa"
  integrity sha512-K12IBHO7OD4gCW0FEqZL9zMqVAfS4+joC4YIn3bHezZfu3RL+Bw1wCb0cAD7RfDPcQxWJjxOHpce4YhuqSxPFA==

"@firebase/remote-config@0.1.19":
  version "0.1.19"
  resolved "https://registry.yarnpkg.com/@firebase/remote-config/-/remote-config-0.1.19.tgz#9e1f192a7434e6689fca72c3734ecfe77a8f289e"
  integrity sha512-2n6bavDGO+cQsS3fs+yHthnkp5TKh8sqSD89dztt/b3/KKRb4C89r3apb6QIcQw/AlyToM+NyU6WIZyXfVAhqQ==
  dependencies:
    "@firebase/component" "0.1.10"
    "@firebase/installations" "0.4.8"
    "@firebase/logger" "0.2.2"
    "@firebase/remote-config-types" "0.1.8"
    "@firebase/util" "0.2.45"
    tslib "1.11.1"

"@firebase/storage-types@0.3.11":
  version "0.3.11"
  resolved "https://registry.yarnpkg.com/@firebase/storage-types/-/storage-types-0.3.11.tgz#98f6ced5460502ab12778ce71d4dc9bf0ab7f2ee"
  integrity sha512-EMOo5aeiJIa8eQ/VqjIa/DYlDcEJX1V84FOxmLfNWZIlmCSvcqx9E9mcNlOnoUB4iePqQjTMQRtKlIBvvEVhVg==

"@firebase/storage@0.3.32":
  version "0.3.32"
  resolved "https://registry.yarnpkg.com/@firebase/storage/-/storage-0.3.32.tgz#f0c9487f25381f1ae1b31b7eaf0913a45840446a"
  integrity sha512-mwWI03VbTd1jP7mmeNBv7mJ96i8GUX1fSxVept5aV2FQb2pAWTKXr7Gmxg06w642I0T1+qZTRVXs8G5m8vuTjg==
  dependencies:
    "@firebase/component" "0.1.10"
    "@firebase/storage-types" "0.3.11"
    "@firebase/util" "0.2.45"
    tslib "1.11.1"

"@firebase/util@0.2.45":
  version "0.2.45"
  resolved "https://registry.yarnpkg.com/@firebase/util/-/util-0.2.45.tgz#d52f28da8a4d7a4fa97d36202a86d5f654fbed6d"
  integrity sha512-k3IqXaIgwlPg7m5lXmMUtkqA/p+LMFkFQIqBuDtdT0iyWB6kQDokyjw2Sgd3GoTybs6tWqUKFZupZpV6r73UHw==
  dependencies:
    tslib "1.11.1"

"@firebase/webchannel-wrapper@0.2.39":
  version "0.2.39"
  resolved "https://registry.yarnpkg.com/@firebase/webchannel-wrapper/-/webchannel-wrapper-0.2.39.tgz#32ce49e0ba54d831750afde59e32889bef444fd3"
  integrity sha512-V5oQjtYxHlEpWdQr68ZFo8T+3NVccrTieRy8RnzYIasCeptxOxwYUG0cAAKmalgrrrfRJdXup8h5ybi3XSW9Hw==

"@grpc/grpc-js@0.8.1":
  version "0.8.1"
  resolved "https://registry.yarnpkg.com/@grpc/grpc-js/-/grpc-js-0.8.1.tgz#3003a422577da39e7113566f2fdd4872f31e6090"
  integrity sha512-e8gSjRZnOUefsR3obOgxG9RtYW2Mw83hh7ogE2ByCdgRhoX0mdnJwBcZOami3E0l643KCTZvORFwfSEi48KFIQ==
  dependencies:
    semver "^6.2.0"

"@grpc/proto-loader@^0.5.0":
  version "0.5.4"
  resolved "https://registry.yarnpkg.com/@grpc/proto-loader/-/proto-loader-0.5.4.tgz#038a3820540f621eeb1b05d81fbedfb045e14de0"
  integrity sha512-HTM4QpI9B2XFkPz7pjwMyMgZchJ93TVkL3kWPW8GDMDKYxsMnmf4w2TNMJK7+KNiYHS5cJrCEAFlF+AwtXWVPA==
  dependencies:
    lodash.camelcase "^4.3.0"
    protobufjs "^6.8.6"

"@protobufjs/aspromise@^1.1.1", "@protobufjs/aspromise@^1.1.2":
  version "1.1.2"
  resolved "https://registry.yarnpkg.com/@protobufjs/aspromise/-/aspromise-1.1.2.tgz#9b8b0cc663d669a7d8f6f5d0893a14d348f30fbf"
  integrity sha512-j+gKExEuLmKwvz3OgROXtrJ2UG2x8Ch2YZUxahh+s1F2HZ+wAceUNLkvy6zKCPVRkU++ZWQrdxsUeQXmcg4uoQ==

"@protobufjs/base64@^1.1.2":
  version "1.1.2"
  resolved "https://registry.yarnpkg.com/@protobufjs/base64/-/base64-1.1.2.tgz#4c85730e59b9a1f1f349047dbf24296034bb2735"
  integrity sha512-AZkcAA5vnN/v4PDqKyMR5lx7hZttPDgClv83E//FMNhR2TMcLUhfRUBHCmSl0oi9zMgDDqRUJkSxO3wm85+XLg==

"@protobufjs/codegen@^2.0.4":
  version "2.0.4"
  resolved "https://registry.yarnpkg.com/@protobufjs/codegen/-/codegen-2.0.4.tgz#7ef37f0d010fb028ad1ad59722e506d9262815cb"
  integrity sha512-YyFaikqM5sH0ziFZCN3xDC7zeGaB/d0IUb9CATugHWbd1FRFwWwt4ld4OYMPWu5a3Xe01mGAULCdqhMlPl29Jg==

"@protobufjs/eventemitter@^1.1.0":
  version "1.1.0"
  resolved "https://registry.yarnpkg.com/@protobufjs/eventemitter/-/eventemitter-1.1.0.tgz#355cbc98bafad5978f9ed095f397621f1d066b70"
  integrity sha512-j9ednRT81vYJ9OfVuXG6ERSTdEL1xVsNgqpkxMsbIabzSo3goCjDIveeGv5d03om39ML71RdmrGNjG5SReBP/Q==

"@protobufjs/fetch@^1.1.0":
  version "1.1.0"
  resolved "https://registry.yarnpkg.com/@protobufjs/fetch/-/fetch-1.1.0.tgz#ba99fb598614af65700c1619ff06d454b0d84c45"
  integrity sha512-lljVXpqXebpsijW71PZaCYeIcE5on1w5DlQy5WH6GLbFryLUrBD4932W/E2BSpfRJWseIL4v/KPgBFxDOIdKpQ==
  dependencies:
    "@protobufjs/aspromise" "^1.1.1"
    "@protobufjs/inquire" "^1.1.0"

"@protobufjs/float@^1.0.2":
  version "1.0.2"
  resolved "https://registry.yarnpkg.com/@protobufjs/float/-/float-1.0.2.tgz#5e9e1abdcb73fc0a7cb8b291df78c8cbd97b87d1"
  integrity sha512-Ddb+kVXlXst9d+R9PfTIxh1EdNkgoRe5tOX6t01f1lYWOvJnSPDBlG241QLzcyPdoNTsblLUdujGSE4RzrTZGQ==

"@protobufjs/inquire@^1.1.0":
  version "1.1.0"
  resolved "https://registry.yarnpkg.com/@protobufjs/inquire/-/inquire-1.1.0.tgz#ff200e3e7cf2429e2dcafc1140828e8cc638f089"
  integrity sha512-kdSefcPdruJiFMVSbn801t4vFK7KB/5gd2fYvrxhuJYg8ILrmn9SKSX2tZdV6V+ksulWqS7aXjBcRXl3wHoD9Q==

"@protobufjs/path@^1.1.2":
  version "1.1.2"
  resolved "https://registry.yarnpkg.com/@protobufjs/path/-/path-1.1.2.tgz#6cc2b20c5c9ad6ad0dccfd21ca7673d8d7fbf68d"
  integrity sha512-6JOcJ5Tm08dOHAbdR3GrvP+yUUfkjG5ePsHYczMFLq3ZmMkAD98cDgcT2iA1lJ9NVwFd4tH/iSSoe44YWkltEA==

"@protobufjs/pool@^1.1.0":
  version "1.1.0"
  resolved "https://registry.yarnpkg.com/@protobufjs/pool/-/pool-1.1.0.tgz#09fd15f2d6d3abfa9b65bc366506d6ad7846ff54"
  integrity sha512-0kELaGSIDBKvcgS4zkjz1PeddatrjYcmMWOlAuAPwAeccUrPHdUqo/J6LiymHHEiJT5NrF1UVwxY14f+fy4WQw==

"@protobufjs/utf8@^1.1.0":
  version "1.1.0"
  resolved "https://registry.yarnpkg.com/@protobufjs/utf8/-/utf8-1.1.0.tgz#a777360b5b39a1a2e5106f8e858f2fd2d060c570"
  integrity sha512-Vvn3zZrhQZkkBE8LSuW3em98c0FwgO4nxzv6OdSxPKJIEKY2bGbHn+mhGIPerzI4twdxaP8/0+06HBpwf345Lw==

"@types/long@^4.0.1":
  version "4.0.2"
  resolved "https://registry.yarnpkg.com/@types/long/-/long-4.0.2.tgz#b74129719fc8d11c01868010082d483b7545591a"
  integrity sha512-MqTGEo5bj5t157U6fA/BiDynNkn0YknVdh48CMPkTSpFTVmvao5UQmm7uEF6xBEo7qIMAlY/JSleYaE6VOdpaA==

"@types/node@>=13.7.0":
  version "17.0.38"
  resolved "https://registry.yarnpkg.com/@types/node/-/node-17.0.38.tgz#f8bb07c371ccb1903f3752872c89f44006132947"
  integrity sha512-5jY9RhV7c0Z4Jy09G+NIDTsCZ5G0L5n+Z+p+Y7t5VJHM30bgwzSjVtlcBxqAj+6L/swIlvtOSzr8rBk/aNyV2g==

accepts@~1.3.7:
  version "1.3.7"
  resolved "https://registry.yarnpkg.com/accepts/-/accepts-1.3.7.tgz#531bc726517a3b2b41f850021c6cc15eaab507cd"
  integrity sha512-Il80Qs2WjYlJIBNzNkK6KYqlVMTbZLXgHx2oT0pU/fjRHyEp+PEfEPY0R3WCwAGVOtauxh1hOxNgIf5bv7dQpA==
  dependencies:
    mime-types "~2.1.24"
    negotiator "0.6.2"

array-flatten@1.1.1:
  version "1.1.1"
  resolved "https://registry.yarnpkg.com/array-flatten/-/array-flatten-1.1.1.tgz#9a5f699051b1e7073328f2a008968b64ea2955d2"
  integrity sha1-ml9pkFGx5wczKPKgCJaLZOopVdI=

body-parser@1.19.0, body-parser@^1.19.0:
  version "1.19.0"
  resolved "https://registry.yarnpkg.com/body-parser/-/body-parser-1.19.0.tgz#96b2709e57c9c4e09a6fd66a8fd979844f69f08a"
  integrity sha512-dhEPs72UPbDnAQJ9ZKMNTP6ptJaionhP5cBb541nXPlW60Jepo9RV/a4fX4XWW9CuFNK22krhrj1+rgzifNCsw==
  dependencies:
    bytes "3.1.0"
    content-type "~1.0.4"
    debug "2.6.9"
    depd "~1.1.2"
    http-errors "1.7.2"
    iconv-lite "0.4.24"
    on-finished "~2.3.0"
    qs "6.7.0"
    raw-body "2.4.0"
    type-is "~1.6.17"

bytes@3.1.0:
  version "3.1.0"
  resolved "https://registry.yarnpkg.com/bytes/-/bytes-3.1.0.tgz#f6cf7933a360e0588fa9fde85651cdc7f805d1f6"
  integrity sha512-zauLjrfCG+xvoyaqLoV8bLVXXNGC4JqlxFCutSDWA6fJrTo2ZuvLYTqZ7aHBLZSMOopbzwv8f+wZcVzfVTI2Dg==

content-disposition@0.5.3:
  version "0.5.3"
  resolved "https://registry.yarnpkg.com/content-disposition/-/content-disposition-0.5.3.tgz#e130caf7e7279087c5616c2007d0485698984fbd"
  integrity sha512-ExO0774ikEObIAEV9kDo50o+79VCUdEB6n6lzKgGwupcVeRlhrj3qGAfwq8G6uBJjkqLrhT0qEYFcWng8z1z0g==
  dependencies:
    safe-buffer "5.1.2"

content-type@~1.0.4:
  version "1.0.4"
  resolved "https://registry.yarnpkg.com/content-type/-/content-type-1.0.4.tgz#e138cc75e040c727b1966fe5e5f8c9aee256fe3b"
  integrity sha512-hIP3EEPs8tB9AT1L+NUqtwOAps4mk2Zob89MWXMHjHWg9milF/j4osnnQLXBCBFBk/tvIG/tUc9mOUJiPBhPXA==

cookie-signature@1.0.6:
  version "1.0.6"
  resolved "https://registry.yarnpkg.com/cookie-signature/-/cookie-signature-1.0.6.tgz#e303a882b342cc3ee8ca513a79999734dab3ae2c"
  integrity sha1-4wOogrNCzD7oylE6eZmXNNqzriw=

cookie@0.4.0:
  version "0.4.0"
  resolved "https://registry.yarnpkg.com/cookie/-/cookie-0.4.0.tgz#beb437e7022b3b6d49019d088665303ebe9c14ba"
  integrity sha512-+Hp8fLp57wnUSt0tY0tHEXh4voZRDnoIrZPqlo3DPiI4y9lwg/jqx+1Om94/W6ZaPDOUbnjOt/99w66zk+l1Xg==

core-js@3.6.5:
  version "3.6.5"
  resolved "https://registry.yarnpkg.com/core-js/-/core-js-3.6.5.tgz#7395dc273af37fb2e50e9bd3d9fe841285231d1a"
  integrity sha512-vZVEEwZoIsI+vPEuoF9Iqf5H7/M3eeQqWlQnYa8FSKKePuYTf5MWnxb5SDAzCa60b3JBRS5g9b+Dq7b1y/RCrA==

debug@2.6.9:
  version "2.6.9"
  resolved "https://registry.yarnpkg.com/debug/-/debug-2.6.9.tgz#5d128515df134ff327e90a4c93f4e077a536341f"
  integrity sha512-bC7ElrdJaJnPbAP+1EotYvqZsb3ecl5wi6Bfi6BJTUcNowp6cvspg0jXznRTKDjm/E7AdgFBVeAPVMNcKGsHMA==
  dependencies:
    ms "2.0.0"

depd@~1.1.2:
  version "1.1.2"
  resolved "https://registry.yarnpkg.com/depd/-/depd-1.1.2.tgz#9bcd52e14c097763e749b274c4346ed2e560b5a9"
  integrity sha1-m81S4UwJd2PnSbJ0xDRu0uVgtak=

destroy@~1.0.4:
  version "1.0.4"
  resolved "https://registry.yarnpkg.com/destroy/-/destroy-1.0.4.tgz#978857442c44749e4206613e37946205826abd80"
  integrity sha1-l4hXRCxEdJ5CBmE+N5RiBYJqvYA=

dom-storage@2.1.0:
  version "2.1.0"
  resolved "https://registry.yarnpkg.com/dom-storage/-/dom-storage-2.1.0.tgz#00fb868bc9201357ea243c7bcfd3304c1e34ea39"
  integrity sha512-g6RpyWXzl0RR6OTElHKBl7nwnK87GUyZMYC7JWsB/IA73vpqK2K6LT39x4VepLxlSsWBFrPVLnsSR5Jyty0+2Q==

ee-first@1.1.1:
  version "1.1.1"
  resolved "https://registry.yarnpkg.com/ee-first/-/ee-first-1.1.1.tgz#590c61156b0ae2f4f0255732a158b266bc56b21d"
  integrity sha1-WQxhFWsK4vTwJVcyoViyZrxWsh0=

encodeurl@~1.0.2:
  version "1.0.2"
  resolved "https://registry.yarnpkg.com/encodeurl/-/encodeurl-1.0.2.tgz#ad3ff4c86ec2d029322f5a02c3a9a606c95b3f59"
  integrity sha1-rT/0yG7C0CkyL1oCw6mmBslbP1k=

encoding@^0.1.11:
  version "0.1.12"
  resolved "https://registry.yarnpkg.com/encoding/-/encoding-0.1.12.tgz#538b66f3ee62cd1ab51ec323829d1f9480c74beb"
  integrity sha1-U4tm8+5izRq1HsMjgp0flIDHS+s=
  dependencies:
    iconv-lite "~0.4.13"

escape-html@~1.0.3:
  version "1.0.3"
  resolved "https://registry.yarnpkg.com/escape-html/-/escape-html-1.0.3.tgz#0258eae4d3d0c0974de1c169188ef0051d1d1988"
  integrity sha1-Aljq5NPQwJdN4cFpGI7wBR0dGYg=

etag@~1.8.1:
  version "1.8.1"
  resolved "https://registry.yarnpkg.com/etag/-/etag-1.8.1.tgz#41ae2eeb65efa62268aebfea83ac7d79299b0887"
  integrity sha1-Qa4u62XvpiJorr/qg6x9eSmbCIc=

express@^4.17.1:
  version "4.17.1"
  resolved "https://registry.yarnpkg.com/express/-/express-4.17.1.tgz#4491fc38605cf51f8629d39c2b5d026f98a4c134"
  integrity sha512-mHJ9O79RqluphRrcw2X/GTh3k9tVv8YcoyY4Kkh4WDMUYKRZUq0h1o0w2rrrxBqM7VoeUVqgb27xlEMXTnYt4g==
  dependencies:
    accepts "~1.3.7"
    array-flatten "1.1.1"
    body-parser "1.19.0"
    content-disposition "0.5.3"
    content-type "~1.0.4"
    cookie "0.4.0"
    cookie-signature "1.0.6"
    debug "2.6.9"
    depd "~1.1.2"
    encodeurl "~1.0.2"
    escape-html "~1.0.3"
    etag "~1.8.1"
    finalhandler "~1.1.2"
    fresh "0.5.2"
    merge-descriptors "1.0.1"
    methods "~1.1.2"
    on-finished "~2.3.0"
    parseurl "~1.3.3"
    path-to-regexp "0.1.7"
    proxy-addr "~2.0.5"
    qs "6.7.0"
    range-parser "~1.2.1"
    safe-buffer "5.1.2"
    send "0.17.1"
    serve-static "1.14.1"
    setprototypeof "1.1.1"
    statuses "~1.5.0"
    type-is "~1.6.18"
    utils-merge "1.0.1"
    vary "~1.1.2"

faye-websocket@0.11.3:
  version "0.11.3"
  resolved "https://registry.yarnpkg.com/faye-websocket/-/faye-websocket-0.11.3.tgz#5c0e9a8968e8912c286639fde977a8b209f2508e"
  integrity sha512-D2y4bovYpzziGgbHYtGCMjlJM36vAl/y+xUyn1C+FVx8szd1E+86KwVw6XvYSzOP8iMpm1X0I4xJD+QtUb36OA==
  dependencies:
    websocket-driver ">=0.5.1"

finalhandler@~1.1.2:
  version "1.1.2"
  resolved "https://registry.yarnpkg.com/finalhandler/-/finalhandler-1.1.2.tgz#b7e7d000ffd11938d0fdb053506f6ebabe9f587d"
  integrity sha512-aAWcW57uxVNrQZqFXjITpW3sIUQmHGG3qSb9mUah9MgMC4NeWhNOlNjXEYq3HjRAvL6arUviZGGJsBg6z0zsWA==
  dependencies:
    debug "2.6.9"
    encodeurl "~1.0.2"
    escape-html "~1.0.3"
    on-finished "~2.3.0"
    parseurl "~1.3.3"
    statuses "~1.5.0"
    unpipe "~1.0.0"

firebase@^7.14.2:
  version "7.14.2"
  resolved "https://registry.yarnpkg.com/firebase/-/firebase-7.14.2.tgz#869013ce7ed1b44f1e85521d27863481f1358d6f"
  integrity sha512-B06h1sXe9ODcoHv0EjF4+CEcm2Gl+8eSL35iAYn8ZRi5Qzivlge312iSROLwGeIIO2QOA+2ap9D6/X52eLIAOg==
  dependencies:
    "@firebase/analytics" "0.3.3"
    "@firebase/app" "0.6.2"
    "@firebase/app-types" "0.6.0"
    "@firebase/auth" "0.14.4"
    "@firebase/database" "0.6.1"
    "@firebase/firestore" "1.14.2"
    "@firebase/functions" "0.4.42"
    "@firebase/installations" "0.4.8"
    "@firebase/messaging" "0.6.14"
    "@firebase/performance" "0.3.2"
    "@firebase/polyfill" "0.3.34"
    "@firebase/remote-config" "0.1.19"
    "@firebase/storage" "0.3.32"
    "@firebase/util" "0.2.45"

forwarded@~0.1.2:
  version "0.1.2"
  resolved "https://registry.yarnpkg.com/forwarded/-/forwarded-0.1.2.tgz#98c23dab1175657b8c0573e8ceccd91b0ff18c84"
  integrity sha1-mMI9qxF1ZXuMBXPozszZGw/xjIQ=

fresh@0.5.2:
  version "0.5.2"
  resolved "https://registry.yarnpkg.com/fresh/-/fresh-0.5.2.tgz#3d8cadd90d976569fa835ab1f8e4b23a105605a7"
  integrity sha1-PYyt2Q2XZWn6g1qx+OSyOhBWBac=

http-errors@1.7.2:
  version "1.7.2"
  resolved "https://registry.yarnpkg.com/http-errors/-/http-errors-1.7.2.tgz#4f5029cf13239f31036e5b2e55292bcfbcc85c8f"
  integrity sha512-uUQBt3H/cSIVfch6i1EuPNy/YsRSOUBXTVfZ+yR7Zjez3qjBz6i9+i4zjNaoqcoFVI4lQJ5plg63TvGfRSDCRg==
  dependencies:
    depd "~1.1.2"
    inherits "2.0.3"
    setprototypeof "1.1.1"
    statuses ">= 1.5.0 < 2"
    toidentifier "1.0.0"

http-errors@~1.7.2:
  version "1.7.3"
  resolved "https://registry.yarnpkg.com/http-errors/-/http-errors-1.7.3.tgz#6c619e4f9c60308c38519498c14fbb10aacebb06"
  integrity sha512-ZTTX0MWrsQ2ZAhA1cejAwDLycFsd7I7nVtnkT3Ol0aqodaKW+0CTZDQ1uBv5whptCnc8e8HeRRJxRs0kmm/Qfw==
  dependencies:
    depd "~1.1.2"
    inherits "2.0.4"
    setprototypeof "1.1.1"
    statuses ">= 1.5.0 < 2"
    toidentifier "1.0.0"

"http-parser-js@>=0.4.0 <0.4.11":
  version "0.4.10"
  resolved "https://registry.yarnpkg.com/http-parser-js/-/http-parser-js-0.4.10.tgz#92c9c1374c35085f75db359ec56cc257cbb93fa4"
  integrity sha1-ksnBN0w1CF912zWexWzCV8u5P6Q=

iconv-lite@0.4.24, iconv-lite@~0.4.13:
  version "0.4.24"
  resolved "https://registry.yarnpkg.com/iconv-lite/-/iconv-lite-0.4.24.tgz#2022b4b25fbddc21d2f524974a474aafe733908b"
  integrity sha512-v3MXnZAcvnywkTUEZomIActle7RXXeedOR31wwl7VlyoXO4Qi9arvSenNQWne1TcRwhCL1HwLI21bEqdpj8/rA==
  dependencies:
    safer-buffer ">= 2.1.2 < 3"

idb@3.0.2:
  version "3.0.2"
  resolved "https://registry.yarnpkg.com/idb/-/idb-3.0.2.tgz#c8e9122d5ddd40f13b60ae665e4862f8b13fa384"
  integrity sha512-+FLa/0sTXqyux0o6C+i2lOR0VoS60LU/jzUo5xjfY6+7sEEgy4Gz1O7yFBXvjd7N0NyIGWIRg8DcQSLEG+VSPw==

inherits@2.0.3:
  version "2.0.3"
  resolved "https://registry.yarnpkg.com/inherits/-/inherits-2.0.3.tgz#633c2c83e3da42a502f52466022480f4208261de"
  integrity sha1-Yzwsg+PaQqUC9SRmAiSA9CCCYd4=

inherits@2.0.4:
  version "2.0.4"
  resolved "https://registry.yarnpkg.com/inherits/-/inherits-2.0.4.tgz#0fa2c64f932917c3433a0ded55363aae37416b7c"
  integrity sha512-k/vGaX4/Yla3WzyMCvTQOXYeIHvqOKtnqBduzTHpzpQZzAskKMhZ2K+EnBiSM9zGSoIFeMpXKxa4dYeZIQqewQ==

ipaddr.js@1.9.1:
  version "1.9.1"
  resolved "https://registry.yarnpkg.com/ipaddr.js/-/ipaddr.js-1.9.1.tgz#bff38543eeb8984825079ff3a2a8e6cbd46781b3"
  integrity sha512-0KI/607xoxSToH7GjN1FfSbLoU0+btTicjsQSWQlh/hZykN8KpmMf7uYwPW3R+akZ6R/w18ZlXSHBYXiYUPO3g==

is-stream@^1.0.1:
  version "1.1.0"
  resolved "https://registry.yarnpkg.com/is-stream/-/is-stream-1.1.0.tgz#12d4a3dd4e68e0b79ceb8dbc84173ae80d91ca44"
  integrity sha1-EtSj3U5o4Lec6428hBc66A2RykQ=

isomorphic-fetch@2.2.1:
  version "2.2.1"
  resolved "https://registry.yarnpkg.com/isomorphic-fetch/-/isomorphic-fetch-2.2.1.tgz#611ae1acf14f5e81f729507472819fe9733558a9"
  integrity sha1-YRrhrPFPXoH3KVB0coGf6XM1WKk=
  dependencies:
    node-fetch "^1.0.1"
    whatwg-fetch ">=0.10.0"

lodash.camelcase@^4.3.0:
  version "4.3.0"
  resolved "https://registry.yarnpkg.com/lodash.camelcase/-/lodash.camelcase-4.3.0.tgz#b28aa6288a2b9fc651035c7711f65ab6190331a6"
  integrity sha1-soqmKIorn8ZRA1x3EfZathkDMaY=

long@^4.0.0:
  version "4.0.0"
  resolved "https://registry.yarnpkg.com/long/-/long-4.0.0.tgz#9a7b71cfb7d361a194ea555241c92f7468d5bf28"
  integrity sha512-XsP+KhQif4bjX1kbuSiySJFNAehNxgLb6hPRGJ9QsUr8ajHkuXGdrHmFUTUUXhDwVX2R5bY4JNZEwbUiMhV+MA==

media-typer@0.3.0:
  version "0.3.0"
  resolved "https://registry.yarnpkg.com/media-typer/-/media-typer-0.3.0.tgz#8710d7af0aa626f8fffa1ce00168545263255748"
  integrity sha1-hxDXrwqmJvj/+hzgAWhUUmMlV0g=

merge-descriptors@1.0.1:
  version "1.0.1"
  resolved "https://registry.yarnpkg.com/merge-descriptors/-/merge-descriptors-1.0.1.tgz#b00aaa556dd8b44568150ec9d1b953f3f90cbb61"
  integrity sha1-sAqqVW3YtEVoFQ7J0blT8/kMu2E=

methods@~1.1.2:
  version "1.1.2"
  resolved "https://registry.yarnpkg.com/methods/-/methods-1.1.2.tgz#5529a4d67654134edcc5266656835b0f851afcee"
  integrity sha1-VSmk1nZUE07cxSZmVoNbD4Ua/O4=

mime-db@1.44.0:
  version "1.44.0"
  resolved "https://registry.yarnpkg.com/mime-db/-/mime-db-1.44.0.tgz#fa11c5eb0aca1334b4233cb4d52f10c5a6272f92"
  integrity sha512-/NOTfLrsPBVeH7YtFPgsVWveuL+4SjjYxaQ1xtM1KMFj7HdxlBlxeyNLzhyJVx7r4rZGJAZ/6lkKCitSc/Nmpg==

mime-types@~2.1.24:
  version "2.1.27"
  resolved "https://registry.yarnpkg.com/mime-types/-/mime-types-2.1.27.tgz#47949f98e279ea53119f5722e0f34e529bec009f"
  integrity sha512-JIhqnCasI9yD+SsmkquHBxTSEuZdQX5BuQnS2Vc7puQQQ+8yiP5AY5uWhpdv4YL4VM5c6iliiYWPgJ/nJQLp7w==
  dependencies:
    mime-db "1.44.0"

mime@1.6.0:
  version "1.6.0"
  resolved "https://registry.yarnpkg.com/mime/-/mime-1.6.0.tgz#32cd9e5c64553bd58d19a568af452acff04981b1"
  integrity sha512-x0Vn8spI+wuJ1O6S7gnbaQg8Pxh4NNHb7KSINmEWKiPE4RKOplvijn+NkmYmmRgP68mc70j2EbeTFRsrswaQeg==

ms@2.0.0:
  version "2.0.0"
  resolved "https://registry.yarnpkg.com/ms/-/ms-2.0.0.tgz#5608aeadfc00be6c2901df5f9861788de0d597c8"
  integrity sha1-VgiurfwAvmwpAd9fmGF4jeDVl8g=

ms@2.1.1:
  version "2.1.1"
  resolved "https://registry.yarnpkg.com/ms/-/ms-2.1.1.tgz#30a5864eb3ebb0a66f2ebe6d727af06a09d86e0a"
  integrity sha512-tgp+dl5cGk28utYktBsrFqA7HKgrhgPsg6Z/EfhWI4gl1Hwq8B/GmY/0oXZ6nF8hDVesS/FpnYaD/kOWhYQvyg==

negotiator@0.6.2:
  version "0.6.2"
  resolved "https://registry.yarnpkg.com/negotiator/-/negotiator-0.6.2.tgz#feacf7ccf525a77ae9634436a64883ffeca346fb"
  integrity sha512-hZXc7K2e+PgeI1eDBe/10Ard4ekbfrrqG8Ep+8Jmf4JID2bNg7NvCPOZN+kfF574pFQI7mum2AUqDidoKqcTOw==

node-fetch@^1.0.1:
  version "1.7.3"
  resolved "https://registry.yarnpkg.com/node-fetch/-/node-fetch-1.7.3.tgz#980f6f72d85211a5347c6b2bc18c5b84c3eb47ef"
  integrity sha512-NhZ4CsKx7cYm2vSrBAr2PvFOe6sWDf0UYLRqA6svUYg7+/TSfVAu49jYC4BvQ4Sms9SZgdqGBgroqfDhJdTyKQ==
  dependencies:
    encoding "^0.1.11"
    is-stream "^1.0.1"

on-finished@~2.3.0:
  version "2.3.0"
  resolved "https://registry.yarnpkg.com/on-finished/-/on-finished-2.3.0.tgz#20f1336481b083cd75337992a16971aa2d906947"
  integrity sha1-IPEzZIGwg811M3mSoWlxqi2QaUc=
  dependencies:
    ee-first "1.1.1"

parseurl@~1.3.3:
  version "1.3.3"
  resolved "https://registry.yarnpkg.com/parseurl/-/parseurl-1.3.3.tgz#9da19e7bee8d12dff0513ed5b76957793bc2e8d4"
  integrity sha512-CiyeOxFT/JZyN5m0z9PfXw4SCBJ6Sygz1Dpl0wqjlhDEGGBP1GnsUVEL0p63hoG1fcj3fHynXi9NYO4nWOL+qQ==

path-to-regexp@0.1.7:
  version "0.1.7"
  resolved "https://registry.yarnpkg.com/path-to-regexp/-/path-to-regexp-0.1.7.tgz#df604178005f522f15eb4490e7247a1bfaa67f8c"
  integrity sha1-32BBeABfUi8V60SQ5yR6G/qmf4w=

promise-polyfill@8.1.3:
  version "8.1.3"
  resolved "https://registry.yarnpkg.com/promise-polyfill/-/promise-polyfill-8.1.3.tgz#8c99b3cf53f3a91c68226ffde7bde81d7f904116"
  integrity sha512-MG5r82wBzh7pSKDRa9y+vllNHz3e3d4CNj1PQE4BQYxLme0gKYYBm9YENq+UkEikyZ0XbiGWxYlVw3Rl9O/U8g==

protobufjs@^6.8.6:
  version "6.11.3"
  resolved "https://registry.yarnpkg.com/protobufjs/-/protobufjs-6.11.3.tgz#637a527205a35caa4f3e2a9a4a13ddffe0e7af74"
  integrity sha512-xL96WDdCZYdU7Slin569tFX712BxsxslWwAfAhCYjQKGTq7dAU91Lomy6nLLhh/dyGhk/YH4TwTSRxTzhuHyZg==
  dependencies:
    "@protobufjs/aspromise" "^1.1.2"
    "@protobufjs/base64" "^1.1.2"
    "@protobufjs/codegen" "^2.0.4"
    "@protobufjs/eventemitter" "^1.1.0"
    "@protobufjs/fetch" "^1.1.0"
    "@protobufjs/float" "^1.0.2"
    "@protobufjs/inquire" "^1.1.0"
    "@protobufjs/path" "^1.1.2"
    "@protobufjs/pool" "^1.1.0"
    "@protobufjs/utf8" "^1.1.0"
    "@types/long" "^4.0.1"
    "@types/node" ">=13.7.0"
    long "^4.0.0"

proxy-addr@~2.0.5:
  version "2.0.6"
  resolved "https://registry.yarnpkg.com/proxy-addr/-/proxy-addr-2.0.6.tgz#fdc2336505447d3f2f2c638ed272caf614bbb2bf"
  integrity sha512-dh/frvCBVmSsDYzw6n926jv974gddhkFPfiN8hPOi30Wax25QZyZEGveluCgliBnqmuM+UJmBErbAUFIoDbjOw==
  dependencies:
    forwarded "~0.1.2"
    ipaddr.js "1.9.1"

qs@6.7.0:
  version "6.7.0"
  resolved "https://registry.yarnpkg.com/qs/-/qs-6.7.0.tgz#41dc1a015e3d581f1621776be31afb2876a9b1bc"
  integrity sha512-VCdBRNFTX1fyE7Nb6FYoURo/SPe62QCaAyzJvUjwRaIsc+NePBEniHlvxFmmX56+HZphIGtV0XeCirBtpDrTyQ==

range-parser@~1.2.1:
  version "1.2.1"
  resolved "https://registry.yarnpkg.com/range-parser/-/range-parser-1.2.1.tgz#3cf37023d199e1c24d1a55b84800c2f3e6468031"
  integrity sha512-Hrgsx+orqoygnmhFbKaHE6c296J+HTAQXoxEF6gNupROmmGJRoyzfG3ccAveqCBrwr/2yxQ5BVd/GTl5agOwSg==

raw-body@2.4.0:
  version "2.4.0"
  resolved "https://registry.yarnpkg.com/raw-body/-/raw-body-2.4.0.tgz#a1ce6fb9c9bc356ca52e89256ab59059e13d0332"
  integrity sha512-4Oz8DUIwdvoa5qMJelxipzi/iJIi40O5cGV1wNYp5hvZP8ZN0T+jiNkL0QepXs+EsQ9XJ8ipEDoiH70ySUJP3Q==
  dependencies:
    bytes "3.1.0"
    http-errors "1.7.2"
    iconv-lite "0.4.24"
    unpipe "1.0.0"

safe-buffer@5.1.2:
  version "5.1.2"
  resolved "https://registry.yarnpkg.com/safe-buffer/-/safe-buffer-5.1.2.tgz#991ec69d296e0313747d59bdfd2b745c35f8828d"
  integrity sha512-Gd2UZBJDkXlY7GbJxfsE8/nvKkUEU1G38c1siN6QP6a9PT9MmHB8GnpscSmMJSoF8LOIrt8ud/wPtojys4G6+g==

safe-buffer@>=5.1.0:
  version "5.2.0"
  resolved "https://registry.yarnpkg.com/safe-buffer/-/safe-buffer-5.2.0.tgz#b74daec49b1148f88c64b68d49b1e815c1f2f519"
  integrity sha512-fZEwUGbVl7kouZs1jCdMLdt95hdIv0ZeHg6L7qPeciMZhZ+/gdesW4wgTARkrFWEpspjEATAzUGPG8N2jJiwbg==

"safer-buffer@>= 2.1.2 < 3":
  version "2.1.2"
  resolved "https://registry.yarnpkg.com/safer-buffer/-/safer-buffer-2.1.2.tgz#44fa161b0187b9549dd84bb91802f9bd8385cd6a"
  integrity sha512-YZo3K82SD7Riyi0E1EQPojLz7kpepnSQI9IyPbHHg1XXXevb5dJI7tpyN2ADxGcQbHG7vcyRHk0cbwqcQriUtg==

semver@^6.2.0:
  version "6.3.0"
  resolved "https://registry.yarnpkg.com/semver/-/semver-6.3.0.tgz#ee0a64c8af5e8ceea67687b133761e1becbd1d3d"
  integrity sha512-b39TBaTSfV6yBrapU89p5fKekE2m/NwnDocOVruQFS1/veMgdzuPcnOM34M6CwxW8jH/lxEa5rBoDeUwu5HHTw==

send@0.17.1:
  version "0.17.1"
  resolved "https://registry.yarnpkg.com/send/-/send-0.17.1.tgz#c1d8b059f7900f7466dd4938bdc44e11ddb376c8"
  integrity sha512-BsVKsiGcQMFwT8UxypobUKyv7irCNRHk1T0G680vk88yf6LBByGcZJOTJCrTP2xVN6yI+XjPJcNuE3V4fT9sAg==
  dependencies:
    debug "2.6.9"
    depd "~1.1.2"
    destroy "~1.0.4"
    encodeurl "~1.0.2"
    escape-html "~1.0.3"
    etag "~1.8.1"
    fresh "0.5.2"
    http-errors "~1.7.2"
    mime "1.6.0"
    ms "2.1.1"
    on-finished "~2.3.0"
    range-parser "~1.2.1"
    statuses "~1.5.0"

serve-static@1.14.1:
  version "1.14.1"
  resolved "https://registry.yarnpkg.com/serve-static/-/serve-static-1.14.1.tgz#666e636dc4f010f7ef29970a88a674320898b2f9"
  integrity sha512-JMrvUwE54emCYWlTI+hGrGv5I8dEwmco/00EvkzIIsR7MqrHonbD9pO2MOfFnpFntl7ecpZs+3mW+XbQZu9QCg==
  dependencies:
    encodeurl "~1.0.2"
    escape-html "~1.0.3"
    parseurl "~1.3.3"
    send "0.17.1"

setprototypeof@1.1.1:
  version "1.1.1"
  resolved "https://registry.yarnpkg.com/setprototypeof/-/setprototypeof-1.1.1.tgz#7e95acb24aa92f5885e0abef5ba131330d4ae683"
  integrity sha512-JvdAWfbXeIGaZ9cILp38HntZSFSo3mWg6xGcJJsd+d4aRMOqauag1C63dJfDw7OaMYwEbHMOxEZ1lqVRYP2OAw==

"statuses@>= 1.5.0 < 2", statuses@~1.5.0:
  version "1.5.0"
  resolved "https://registry.yarnpkg.com/statuses/-/statuses-1.5.0.tgz#161c7dac177659fd9811f43771fa99381478628c"
  integrity sha1-Fhx9rBd2Wf2YEfQ3cfqZOBR4Yow=

toidentifier@1.0.0:
  version "1.0.0"
  resolved "https://registry.yarnpkg.com/toidentifier/-/toidentifier-1.0.0.tgz#7e1be3470f1e77948bc43d94a3c8f4d7752ba553"
  integrity sha512-yaOH/Pk/VEhBWWTlhI+qXxDFXlejDGcQipMlyxda9nthulaxLZUNcUqFxokp0vcYnvteJln5FNQDRrxj3YcbVw==

tslib@1.11.1:
  version "1.11.1"
  resolved "https://registry.yarnpkg.com/tslib/-/tslib-1.11.1.tgz#eb15d128827fbee2841549e171f45ed338ac7e35"
  integrity sha512-aZW88SY8kQbU7gpV19lN24LtXh/yD4ZZg6qieAJDDg+YBsJcSmLGK9QpnUjAKVG/xefmvJGd1WUmfpT/g6AJGA==

type-is@~1.6.17, type-is@~1.6.18:
  version "1.6.18"
  resolved "https://registry.yarnpkg.com/type-is/-/type-is-1.6.18.tgz#4e552cd05df09467dcbc4ef739de89f2cf37c131"
  integrity sha512-TkRKr9sUTxEH8MdfuCSP7VizJyzRNMjj2J2do2Jr3Kym598JVdEksuzPQCnlFPW4ky9Q+iA+ma9BGm06XQBy8g==
  dependencies:
    media-typer "0.3.0"
    mime-types "~2.1.24"

unpipe@1.0.0, unpipe@~1.0.0:
  version "1.0.0"
  resolved "https://registry.yarnpkg.com/unpipe/-/unpipe-1.0.0.tgz#b2bf4ee8514aae6165b4817829d21b2ef49904ec"
  integrity sha1-sr9O6FFKrmFltIF4KdIbLvSZBOw=

utils-merge@1.0.1:
  version "1.0.1"
  resolved "https://registry.yarnpkg.com/utils-merge/-/utils-merge-1.0.1.tgz#9f95710f50a267947b2ccc124741c1028427e713"
  integrity sha1-n5VxD1CiZ5R7LMwSR0HBAoQn5xM=

vary@~1.1.2:
  version "1.1.2"
  resolved "https://registry.yarnpkg.com/vary/-/vary-1.1.2.tgz#2299f02c6ded30d4a5961b0b9f74524a18f634fc"
  integrity sha1-IpnwLG3tMNSllhsLn3RSShj2NPw=

websocket-driver@>=0.5.1:
  version "0.7.3"
  resolved "https://registry.yarnpkg.com/websocket-driver/-/websocket-driver-0.7.3.tgz#a2d4e0d4f4f116f1e6297eba58b05d430100e9f9"
  integrity sha512-bpxWlvbbB459Mlipc5GBzzZwhoZgGEZLuqPaR0INBGnPAY1vdBX6hPnoFXiw+3yWxDuHyQjO2oXTMyS8A5haFg==
  dependencies:
    http-parser-js ">=0.4.0 <0.4.11"
    safe-buffer ">=5.1.0"
    websocket-extensions ">=0.1.1"

websocket-extensions@>=0.1.1:
  version "0.1.4"
  resolved "https://registry.yarnpkg.com/websocket-extensions/-/websocket-extensions-0.1.4.tgz#7f8473bc839dfd87608adb95d7eb075211578a42"
  integrity sha512-OqedPIGOfsDlo31UNwYbCFMSaO9m9G/0faIHj5/dZFDMFqPTcx6UwqyOy3COEaEOg/9VsGIpdqn62W5KhoKSpg==

whatwg-fetch@2.0.4:
  version "2.0.4"
  resolved "https://registry.yarnpkg.com/whatwg-fetch/-/whatwg-fetch-2.0.4.tgz#dde6a5df315f9d39991aa17621853d720b85566f"
  integrity sha512-dcQ1GWpOD/eEQ97k66aiEVpNnapVj90/+R+SXTPYGHpYBBypfKJEQjLrvMZ7YXbKm21gXd4NcuxUTjiv1YtLng==

whatwg-fetch@>=0.10.0:
  version "3.0.0"
  resolved "https://registry.yarnpkg.com/whatwg-fetch/-/whatwg-fetch-3.0.0.tgz#fc804e458cc460009b1a2b966bc8817d2578aefb"
  integrity sha512-9GSJUgz1D4MfyKU7KRqwOjXCXTqWdFNvEr7eUBYchQiVc744mqK/MzXPNR2WsPkmkOa4ywfg8C2n8h+13Bey1Q==

xmlhttprequest@1.8.0:
  version "1.8.0"
  resolved "https://registry.yarnpkg.com/xmlhttprequest/-/xmlhttprequest-1.8.0.tgz#67fe075c5c24fef39f9d65f5f7b7fe75171968fc"
  integrity sha1-Z/4HXFwk/vOfnWX197f+dRcZaPw=
